
Microsoft Visual Studio Solution File, Format Version 12.00
# Visual Studio Version 16
Project("{8BC9CEB8-8B4A-11D0-8D11-00A0C91BC942}") = "ALL_BUILD", "ALL_BUILD.vcxproj", "{5DF22C38-DC50-36F0-8DCD-F701115322E3}"
	ProjectSection(ProjectDependencies) = postProject
		{999DAD23-1727-3F27-9D67-D0294933DCF6} = {999DAD23-1727-3F27-9D67-D0294933DCF6}
		{8B4F1AAB-D4A8-344D-9FBE-AE75957172F0} = {8B4F1AAB-D4A8-344D-9FBE-AE75957172F0}
		{D0C193C9-90FF-3D8E-ACA5-3AAB9DCDC2EB} = {D0C193C9-90FF-3D8E-ACA5-3AAB9DCDC2EB}
	EndProjectSection
EndProject
Project("{8BC9CEB8-8B4A-11D0-8D11-00A0C91BC942}") = "ImageEditing", "ImageEditing.vcxproj", "{999DAD23-1727-3F27-9D67-D0294933DCF6}"
	ProjectSection(ProjectDependencies) = postProject
		{8B4F1AAB-D4A8-344D-9FBE-AE75957172F0} = {8B4F1AAB-D4A8-344D-9FBE-AE75957172F0}
		{D0C193C9-90FF-3D8E-ACA5-3AAB9DCDC2EB} = {D0C193C9-90FF-3D8E-ACA5-3AAB9DCDC2EB}
	EndProjectSection
EndProject
Project("{8BC9CEB8-8B4A-11D0-8D11-00A0C91BC942}") = "ZERO_CHECK", "ZERO_CHECK.vcxproj", "{8B4F1AAB-D4A8-344D-9FBE-AE75957172F0}"
	ProjectSection(ProjectDependencies) = postProject
	EndProjectSection
EndProject
Project("{8BC9CEB8-8B4A-11D0-8D11-00A0C91BC942}") = "libtarga", "libtarga.vcxproj", "{D0C193C9-90FF-3D8E-ACA5-3AAB9DCDC2EB}"
	ProjectSection(ProjectDependencies) = postProject
		{8B4F1AAB-D4A8-344D-9FBE-AE75957172F0} = {8B4F1AAB-D4A8-344D-9FBE-AE75957172F0}
	EndProjectSection
EndProject
Global
	GlobalSection(SolutionConfigurationPlatforms) = preSolution
		Debug|x64 = Debug|x64
		Release|x64 = Release|x64
		MinSizeRel|x64 = MinSizeRel|x64
		RelWithDebInfo|x64 = RelWithDebInfo|x64
	EndGlobalSection
	GlobalSection(ProjectConfigurationPlatforms) = postSolution
		{5DF22C38-DC50-36F0-8DCD-F701115322E3}.Debug|x64.ActiveCfg = Debug|x64
		{5DF22C38-DC50-36F0-8DCD-F701115322E3}.Release|x64.ActiveCfg = Release|x64
		{5DF22C38-DC50-36F0-8DCD-F701115322E3}.MinSizeRel|x64.ActiveCfg = MinSizeRel|x64
		{5DF22C38-DC50-36F0-8DCD-F701115322E3}.RelWithDebInfo|x64.ActiveCfg = RelWithDebInfo|x64
		{999DAD23-1727-3F27-9D67-D0294933DCF6}.Debug|x64.ActiveCfg = Debug|x64
		{999DAD23-1727-3F27-9D67-D0294933DCF6}.Debug|x64.Build.0 = Debug|x64
		{999DAD23-1727-3F27-9D67-D0294933DCF6}.Release|x64.ActiveCfg = Release|x64
		{999DAD23-1727-3F27-9D67-D0294933DCF6}.Release|x64.Build.0 = Release|x64
		{999DAD23-1727-3F27-9D67-D0294933DCF6}.MinSizeRel|x64.ActiveCfg = MinSizeRel|x64
		{999DAD23-1727-3F27-9D67-D0294933DCF6}.MinSizeRel|x64.Build.0 = MinSizeRel|x64
		{999DAD23-1727-3F27-9D67-D0294933DCF6}.RelWithDebInfo|x64.ActiveCfg = RelWithDebInfo|x64
		{999DAD23-1727-3F27-9D67-D0294933DCF6}.RelWithDebInfo|x64.Build.0 = RelWithDebInfo|x64
		{8B4F1AAB-D4A8-344D-9FBE-AE75957172F0}.Debug|x64.ActiveCfg = Debug|x64
		{8B4F1AAB-D4A8-344D-9FBE-AE75957172F0}.Debug|x64.Build.0 = Debug|x64
		{8B4F1AAB-D4A8-344D-9FBE-AE75957172F0}.Release|x64.ActiveCfg = Release|x64
		{8B4F1AAB-D4A8-344D-9FBE-AE75957172F0}.Release|x64.Build.0 = Release|x64
		{8B4F1AAB-D4A8-344D-9FBE-AE75957172F0}.MinSizeRel|x64.ActiveCfg = MinSizeRel|x64
		{8B4F1AAB-D4A8-344D-9FBE-AE75957172F0}.MinSizeRel|x64.Build.0 = MinSizeRel|x64
		{8B4F1AAB-D4A8-344D-9FBE-AE75957172F0}.RelWithDebInfo|x64.ActiveCfg = RelWithDebInfo|x64
		{8B4F1AAB-D4A8-344D-9FBE-AE75957172F0}.RelWithDebInfo|x64.Build.0 = RelWithDebInfo|x64
		{D0C193C9-90FF-3D8E-ACA5-3AAB9DCDC2EB}.Debug|x64.ActiveCfg = Debug|x64
		{D0C193C9-90FF-3D8E-ACA5-3AAB9DCDC2EB}.Debug|x64.Build.0 = Debug|x64
		{D0C193C9-90FF-3D8E-ACA5-3AAB9DCDC2EB}.Release|x64.ActiveCfg = Release|x64
		{D0C193C9-90FF-3D8E-ACA5-3AAB9DCDC2EB}.Release|x64.Build.0 = Release|x64
		{D0C193C9-90FF-3D8E-ACA5-3AAB9DCDC2EB}.MinSizeRel|x64.ActiveCfg = MinSizeRel|x64
		{D0C193C9-90FF-3D8E-ACA5-3AAB9DCDC2EB}.MinSizeRel|x64.Build.0 = MinSizeRel|x64
		{D0C193C9-90FF-3D8E-ACA5-3AAB9DCDC2EB}.RelWithDebInfo|x64.ActiveCfg = RelWithDebInfo|x64
		{D0C193C9-90FF-3D8E-ACA5-3AAB9DCDC2EB}.RelWithDebInfo|x64.Build.0 = RelWithDebInfo|x64
	EndGlobalSection
	GlobalSection(ExtensibilityGlobals) = postSolution
		SolutionGuid = {1C70C1A0-1D4B-33F8-8E59-6063B2EDB53C}
	EndGlobalSection
	GlobalSection(ExtensibilityAddIns) = postSolution
	EndGlobalSection
EndGlobal
