<?xml version="1.0" encoding="utf-8"?>
<Project ToolsVersion="16.0" xmlns="http://schemas.microsoft.com/developer/msbuild/2003">
  <ItemGroup>
    <ClCompile Include="D:\ImageEditing-master\ImageEditing-master\src\Main.cpp">
      <Filter>Source Files</Filter>
    </ClCompile>
    <ClCompile Include="D:\ImageEditing-master\ImageEditing-master\src\ImageWidget.cpp">
      <Filter>Source Files</Filter>
    </ClCompile>
    <ClCompile Include="D:\ImageEditing-master\ImageEditing-master\src\ScriptHandler.cpp">
      <Filter>Source Files</Filter>
    </ClCompile>
    <ClCompile Include="D:\ImageEditing-master\ImageEditing-master\src\TargaImage.cpp">
      <Filter>Source Files</Filter>
    </ClCompile>
  </ItemGroup>
  <ItemGroup>
    <ClInclude Include="D:\ImageEditing-master\ImageEditing-master\src\Globals.h">
      <Filter>Header Files</Filter>
    </ClInclude>
    <ClInclude Include="D:\ImageEditing-master\ImageEditing-master\src\Globals.inl">
      <Filter>Header Files</Filter>
    </ClInclude>
    <ClInclude Include="D:\ImageEditing-master\ImageEditing-master\src\ImageWidget.h">
      <Filter>Header Files</Filter>
    </ClInclude>
    <ClInclude Include="D:\ImageEditing-master\ImageEditing-master\src\ScriptHandler.h">
      <Filter>Header Files</Filter>
    </ClInclude>
    <ClInclude Include="D:\ImageEditing-master\ImageEditing-master\src\TargaImage.h">
      <Filter>Header Files</Filter>
    </ClInclude>
  </ItemGroup>
  <ItemGroup>
    <CustomBuild Include="D:\ImageEditing-master\ImageEditing-master\CMakeLists.txt" />
  </ItemGroup>
  <ItemGroup>
    <Filter Include="Header Files">
      <UniqueIdentifier>{FC36E37E-9A9F-39CE-9313-3048F1B5A6ED}</UniqueIdentifier>
    </Filter>
    <Filter Include="Source Files">
      <UniqueIdentifier>{9A92B6AF-E39E-3B97-A3E7-49B733C3F249}</UniqueIdentifier>
    </Filter>
  </ItemGroup>
</Project>
